// !$*UTF8*$!
{
	archiveVersion = 1;
	classes = {
	};
	objectVersion = 51;
	objects = {

/* Begin PBXBuildFile section */
		863E25F125D13D4900BAB9AD /* AppDelegate.swift in Sources */ = {isa = PBXBuildFile; fileRef = 863E25F025D13D4900BAB9AD /* AppDelegate.swift */; };
		863E25F325D13D4900BAB9AD /* SceneDelegate.swift in Sources */ = {isa = PBXBuildFile; fileRef = 863E25F225D13D4900BAB9AD /* SceneDelegate.swift */; };
		863E25F825D13D4900BAB9AD /* Main.storyboard in Resources */ = {isa = PBXBuildFile; fileRef = 863E25F625D13D4900BAB9AD /* Main.storyboard */; };
		863E25FA25D13D4A00BAB9AD /* Assets.xcassets in Resources */ = {isa = PBXBuildFile; fileRef = 863E25F925D13D4A00BAB9AD /* Assets.xcassets */; };
		863E25FD25D13D4A00BAB9AD /* LaunchScreen.storyboard in Resources */ = {isa = PBXBuildFile; fileRef = 863E25FB25D13D4A00BAB9AD /* LaunchScreen.storyboard */; };
		863E260725D13E8400BAB9AD /* LoginViewController.swift in Sources */ = {isa = PBXBuildFile; fileRef = 863E260625D13E8400BAB9AD /* LoginViewController.swift */; };
		863E260A25D13E9400BAB9AD /* HomeViewController.swift in Sources */ = {isa = PBXBuildFile; fileRef = 863E260925D13E9400BAB9AD /* HomeViewController.swift */; };
		863E260D25D13EA500BAB9AD /* ImageSelectViewController.swift in Sources */ = {isa = PBXBuildFile; fileRef = 863E260C25D13EA500BAB9AD /* ImageSelectViewController.swift */; };
		863E261025D13EB400BAB9AD /* PostViewController.swift in Sources */ = {isa = PBXBuildFile; fileRef = 863E260F25D13EB400BAB9AD /* PostViewController.swift */; };
		863E261325D13EC100BAB9AD /* SettingViewController.swift in Sources */ = {isa = PBXBuildFile; fileRef = 863E261225D13EC100BAB9AD /* SettingViewController.swift */; };
		863E261725D145FD00BAB9AD /* TabBarController.swift in Sources */ = {isa = PBXBuildFile; fileRef = 863E261625D145FD00BAB9AD /* TabBarController.swift */; };
		863E261A25D174D300BAB9AD /* GoogleService-Info.plist in Resources */ = {isa = PBXBuildFile; fileRef = 863E261925D174D300BAB9AD /* GoogleService-Info.plist */; };
		863E266A25D24B7300BAB9AD /* Const.swift in Sources */ = {isa = PBXBuildFile; fileRef = 863E266925D24B7300BAB9AD /* Const.swift */; };
		863E266E25D2844100BAB9AD /* PostData.swift in Sources */ = {isa = PBXBuildFile; fileRef = 863E266D25D2844100BAB9AD /* PostData.swift */; };
		863E267225D2872600BAB9AD /* PostTableViewCell.swift in Sources */ = {isa = PBXBuildFile; fileRef = 863E267025D2872600BAB9AD /* PostTableViewCell.swift */; };
		863E267325D2872600BAB9AD /* PostTableViewCell.xib in Resources */ = {isa = PBXBuildFile; fileRef = 863E267125D2872600BAB9AD /* PostTableViewCell.xib */; };
		EDD07DA9F8D7B0D21441B30D /* Pods_Instagram.framework in Frameworks */ = {isa = PBXBuildFile; fileRef = C682B493354954002E62E88A /* Pods_Instagram.framework */; };
/* End PBXBuildFile section */

/* Begin PBXFileReference section */
		763C2473DE68E41C30F95C5C /* Pods-Instagram.release.xcconfig */ = {isa = PBXFileReference; includeInIndex = 1; lastKnownFileType = text.xcconfig; name = "Pods-Instagram.release.xcconfig"; path = "Target Support Files/Pods-Instagram/Pods-Instagram.release.xcconfig"; sourceTree = "<group>"; };
		863E25ED25D13D4900BAB9AD /* Instagram.app */ = {isa = PBXFileReference; explicitFileType = wrapper.application; includeInIndex = 0; path = Instagram.app; sourceTree = BUILT_PRODUCTS_DIR; };
		863E25F025D13D4900BAB9AD /* AppDelegate.swift */ = {isa = PBXFileReference; lastKnownFileType = sourcecode.swift; path = AppDelegate.swift; sourceTree = "<group>"; };
		863E25F225D13D4900BAB9AD /* SceneDelegate.swift */ = {isa = PBXFileReference; lastKnownFileType = sourcecode.swift; path = SceneDelegate.swift; sourceTree = "<group>"; };
		863E25F725D13D4900BAB9AD /* Base */ = {isa = PBXFileReference; lastKnownFileType = file.storyboard; name = Base; path = Base.lproj/Main.storyboard; sourceTree = "<group>"; };
		863E25F925D13D4A00BAB9AD /* Assets.xcassets */ = {isa = PBXFileReference; lastKnownFileType = folder.assetcatalog; path = Assets.xcassets; sourceTree = "<group>"; };
		863E25FC25D13D4A00BAB9AD /* Base */ = {isa = PBXFileReference; lastKnownFileType = file.storyboard; name = Base; path = Base.lproj/LaunchScreen.storyboard; sourceTree = "<group>"; };
		863E25FE25D13D4A00BAB9AD /* Info.plist */ = {isa = PBXFileReference; lastKnownFileType = text.plist.xml; path = Info.plist; sourceTree = "<group>"; };
		863E260625D13E8400BAB9AD /* LoginViewController.swift */ = {isa = PBXFileReference; lastKnownFileType = sourcecode.swift; path = LoginViewController.swift; sourceTree = "<group>"; };
		863E260925D13E9400BAB9AD /* HomeViewController.swift */ = {isa = PBXFileReference; lastKnownFileType = sourcecode.swift; path = HomeViewController.swift; sourceTree = "<group>"; };
		863E260C25D13EA500BAB9AD /* ImageSelectViewController.swift */ = {isa = PBXFileReference; lastKnownFileType = sourcecode.swift; path = ImageSelectViewController.swift; sourceTree = "<group>"; };
		863E260F25D13EB400BAB9AD /* PostViewController.swift */ = {isa = PBXFileReference; lastKnownFileType = sourcecode.swift; path = PostViewController.swift; sourceTree = "<group>"; };
		863E261225D13EC100BAB9AD /* SettingViewController.swift */ = {isa = PBXFileReference; lastKnownFileType = sourcecode.swift; path = SettingViewController.swift; sourceTree = "<group>"; };
		863E261625D145FD00BAB9AD /* TabBarController.swift */ = {isa = PBXFileReference; lastKnownFileType = sourcecode.swift; path = TabBarController.swift; sourceTree = "<group>"; };
		863E261925D174D300BAB9AD /* GoogleService-Info.plist */ = {isa = PBXFileReference; fileEncoding = 4; lastKnownFileType = text.plist.xml; path = "GoogleService-Info.plist"; sourceTree = "<group>"; };
		863E266925D24B7300BAB9AD /* Const.swift */ = {isa = PBXFileReference; lastKnownFileType = sourcecode.swift; path = Const.swift; sourceTree = "<group>"; };
		863E266D25D2844100BAB9AD /* PostData.swift */ = {isa = PBXFileReference; lastKnownFileType = sourcecode.swift; path = PostData.swift; sourceTree = "<group>"; };
		863E267025D2872600BAB9AD /* PostTableViewCell.swift */ = {isa = PBXFileReference; lastKnownFileType = sourcecode.swift; path = PostTableViewCell.swift; sourceTree = "<group>"; };
		863E267125D2872600BAB9AD /* PostTableViewCell.xib */ = {isa = PBXFileReference; lastKnownFileType = file.xib; path = PostTableViewCell.xib; sourceTree = "<group>"; };
		B3E29F6D577EC0A371F55754 /* Pods-Instagram.debug.xcconfig */ = {isa = PBXFileReference; includeInIndex = 1; lastKnownFileType = text.xcconfig; name = "Pods-Instagram.debug.xcconfig"; path = "Target Support Files/Pods-Instagram/Pods-Instagram.debug.xcconfig"; sourceTree = "<group>"; };
		C682B493354954002E62E88A /* Pods_Instagram.framework */ = {isa = PBXFileReference; explicitFileType = wrapper.framework; includeInIndex = 0; path = Pods_Instagram.framework; sourceTree = BUILT_PRODUCTS_DIR; };
/* End PBXFileReference section */

/* Begin PBXFrameworksBuildPhase section */
		863E25EA25D13D4900BAB9AD /* Frameworks */ = {
			isa = PBXFrameworksBuildPhase;
			buildActionMask = 2147483647;
			files = (
				EDD07DA9F8D7B0D21441B30D /* Pods_Instagram.framework in Frameworks */,
			);
			runOnlyForDeploymentPostprocessing = 0;
		};
/* End PBXFrameworksBuildPhase section */

/* Begin PBXGroup section */
		64E8AADF0ABD8AD368812584 /* Pods */ = {
			isa = PBXGroup;
			children = (
				B3E29F6D577EC0A371F55754 /* Pods-Instagram.debug.xcconfig */,
				763C2473DE68E41C30F95C5C /* Pods-Instagram.release.xcconfig */,
			);
			path = Pods;
			sourceTree = "<group>";
		};
		863E25E425D13D4900BAB9AD = {
			isa = PBXGroup;
			children = (
				863E25EF25D13D4900BAB9AD /* Instagram */,
				863E25EE25D13D4900BAB9AD /* Products */,
				64E8AADF0ABD8AD368812584 /* Pods */,
				BB4F4973263AD932CE1F85C1 /* Frameworks */,
			);
			sourceTree = "<group>";
		};
		863E25EE25D13D4900BAB9AD /* Products */ = {
			isa = PBXGroup;
			children = (
				863E25ED25D13D4900BAB9AD /* Instagram.app */,
			);
			name = Products;
			sourceTree = "<group>";
		};
		863E25EF25D13D4900BAB9AD /* Instagram */ = {
			isa = PBXGroup;
			children = (
				863E25F025D13D4900BAB9AD /* AppDelegate.swift */,
				863E25F225D13D4900BAB9AD /* SceneDelegate.swift */,
				863E260625D13E8400BAB9AD /* LoginViewController.swift */,
				863E260925D13E9400BAB9AD /* HomeViewController.swift */,
				863E260C25D13EA500BAB9AD /* ImageSelectViewController.swift */,
				863E260F25D13EB400BAB9AD /* PostViewController.swift */,
				863E261225D13EC100BAB9AD /* SettingViewController.swift */,
				863E261625D145FD00BAB9AD /* TabBarController.swift */,
				863E267025D2872600BAB9AD /* PostTableViewCell.swift */,
				863E267125D2872600BAB9AD /* PostTableViewCell.xib */,
				863E266925D24B7300BAB9AD /* Const.swift */,
				863E266D25D2844100BAB9AD /* PostData.swift */,
				863E25F625D13D4900BAB9AD /* Main.storyboard */,
				863E25F925D13D4A00BAB9AD /* Assets.xcassets */,
				863E25FB25D13D4A00BAB9AD /* LaunchScreen.storyboard */,
				863E25FE25D13D4A00BAB9AD /* Info.plist */,
				863E261925D174D300BAB9AD /* GoogleService-Info.plist */,
			);
			path = Instagram;
			sourceTree = "<group>";
		};
		BB4F4973263AD932CE1F85C1 /* Frameworks */ = {
			isa = PBXGroup;
			children = (
				C682B493354954002E62E88A /* Pods_Instagram.framework */,
			);
			name = Frameworks;
			sourceTree = "<group>";
		};
/* End PBXGroup section */

/* Begin PBXNativeTarget section */
		863E25EC25D13D4900BAB9AD /* Instagram */ = {
			isa = PBXNativeTarget;
			buildConfigurationList = 863E260125D13D4A00BAB9AD /* Build configuration list for PBXNativeTarget "Instagram" */;
			buildPhases = (
				E868958AD846C3AF198BCA09 /* [CP] Check Pods Manifest.lock */,
				863E25E925D13D4900BAB9AD /* Sources */,
				863E25EA25D13D4900BAB9AD /* Frameworks */,
				863E25EB25D13D4900BAB9AD /* Resources */,
				47F3350FCD7C020EFB495DA6 /* [CP] Embed Pods Frameworks */,
			);
			buildRules = (
			);
			dependencies = (
			);
			name = Instagram;
			productName = Instagram;
			productReference = 863E25ED25D13D4900BAB9AD /* Instagram.app */;
			productType = "com.apple.product-type.application";
		};
/* End PBXNativeTarget section */

/* Begin PBXProject section */
		863E25E525D13D4900BAB9AD /* Project object */ = {
			isa = PBXProject;
			attributes = {
				LastSwiftUpdateCheck = 1220;
				LastUpgradeCheck = 1220;
				TargetAttributes = {
					863E25EC25D13D4900BAB9AD = {
						CreatedOnToolsVersion = 12.2;
					};
				};
			};
			buildConfigurationList = 863E25E825D13D4900BAB9AD /* Build configuration list for PBXProject "Instagram" */;
			compatibilityVersion = "Xcode 9.3";
			developmentRegion = en;
			hasScannedForEncodings = 0;
			knownRegions = (
				en,
				Base,
			);
			mainGroup = 863E25E425D13D4900BAB9AD;
			productRefGroup = 863E25EE25D13D4900BAB9AD /* Products */;
			projectDirPath = "";
			projectRoot = "";
			targets = (
				863E25EC25D13D4900BAB9AD /* Instagram */,
			);
		};
/* End PBXProject section */

/* Begin PBXResourcesBuildPhase section */
		863E25EB25D13D4900BAB9AD /* Resources */ = {
			isa = PBXResourcesBuildPhase;
			buildActionMask = 2147483647;
			files = (
				863E25FD25D13D4A00BAB9AD /* LaunchScreen.storyboard in Resources */,
				863E267325D2872600BAB9AD /* PostTableViewCell.xib in Resources */,
				863E261A25D174D300BAB9AD /* GoogleService-Info.plist in Resources */,
				863E25FA25D13D4A00BAB9AD /* Assets.xcassets in Resources */,
				863E25F825D13D4900BAB9AD /* Main.storyboard in Resources */,
			);
			runOnlyForDeploymentPostprocessing = 0;
		};
/* End PBXResourcesBuildPhase section */

/* Begin PBXShellScriptBuildPhase section */
		47F3350FCD7C020EFB495DA6 /* [CP] Embed Pods Frameworks */ = {
			isa = PBXShellScriptBuildPhase;
			buildActionMask = 2147483647;
			files = (
			);
			inputFileListPaths = (
				"${PODS_ROOT}/Target Support Files/Pods-Instagram/Pods-Instagram-frameworks-${CONFIGURATION}-input-files.xcfilelist",
			);
			name = "[CP] Embed Pods Frameworks";
			outputFileListPaths = (
				"${PODS_ROOT}/Target Support Files/Pods-Instagram/Pods-Instagram-frameworks-${CONFIGURATION}-output-files.xcfilelist",
			);
			runOnlyForDeploymentPostprocessing = 0;
			shellPath = /bin/sh;
			shellScript = "\"${PODS_ROOT}/Target Support Files/Pods-Instagram/Pods-Instagram-frameworks.sh\"\n";
			showEnvVarsInLog = 0;
		};
		E868958AD846C3AF198BCA09 /* [CP] Check Pods Manifest.lock */ = {
			isa = PBXShellScriptBuildPhase;
			buildActionMask = 2147483647;
			files = (
			);
			inputFileListPaths = (
			);
			inputPaths = (
				"${PODS_PODFILE_DIR_PATH}/Podfile.lock",
				"${PODS_ROOT}/Manifest.lock",
			);
			name = "[CP] Check Pods Manifest.lock";
			outputFileListPaths = (
			);
			outputPaths = (
				"$(DERIVED_FILE_DIR)/Pods-Instagram-checkManifestLockResult.txt",
			);
			runOnlyForDeploymentPostprocessing = 0;
			shellPath = /bin/sh;
			shellScript = "diff \"${PODS_PODFILE_DIR_PATH}/Podfile.lock\" \"${PODS_ROOT}/Manifest.lock\" > /dev/null\nif [ $? != 0 ] ; then\n    # print error to STDERR\n    echo \"error: The sandbox is not in sync with the Podfile.lock. Run 'pod install' or update your CocoaPods installation.\" >&2\n    exit 1\nfi\n# This output is used by Xcode 'outputs' to avoid re-running this script phase.\necho \"SUCCESS\" > \"${SCRIPT_OUTPUT_FILE_0}\"\n";
			showEnvVarsInLog = 0;
		};
/* End PBXShellScriptBuildPhase section */

/* Begin PBXSourcesBuildPhase section */
		863E25E925D13D4900BAB9AD /* Sources */ = {
			isa = PBXSourcesBuildPhase;
			buildActionMask = 2147483647;
			files = (
				863E267225D2872600BAB9AD /* PostTableViewCell.swift in Sources */,
				863E260D25D13EA500BAB9AD /* ImageSelectViewController.swift in Sources */,
				863E261725D145FD00BAB9AD /* TabBarController.swift in Sources */,
				863E260A25D13E9400BAB9AD /* HomeViewController.swift in Sources */,
				863E261025D13EB400BAB9AD /* PostViewController.swift in Sources */,
				863E261325D13EC100BAB9AD /* SettingViewController.swift in Sources */,
				863E266E25D2844100BAB9AD /* PostData.swift in Sources */,
				863E260725D13E8400BAB9AD /* LoginViewController.swift in Sources */,
				863E25F125D13D4900BAB9AD /* AppDelegate.swift in Sources */,
				863E25F325D13D4900BAB9AD /* SceneDelegate.swift in Sources */,
				863E266A25D24B7300BAB9AD /* Const.swift in Sources */,
			);
			runOnlyForDeploymentPostprocessing = 0;
		};
/* End PBXSourcesBuildPhase section */

/* Begin PBXVariantGroup section */
		863E25F625D13D4900BAB9AD /* Main.storyboard */ = {
			isa = PBXVariantGroup;
			children = (
				863E25F725D13D4900BAB9AD /* Base */,
			);
			name = Main.storyboard;
			sourceTree = "<group>";
		};
		863E25FB25D13D4A00BAB9AD /* LaunchScreen.storyboard */ = {
			isa = PBXVariantGroup;
			children = (
				863E25FC25D13D4A00BAB9AD /* Base */,
			);
			name = LaunchScreen.storyboard;
			sourceTree = "<group>";
		};
/* End PBXVariantGroup section */

/* Begin XCBuildConfiguration section */
		863E25FF25D13D4A00BAB9AD /* Debug */ = {
			isa = XCBuildConfiguration;
			buildSettings = {
				ALWAYS_SEARCH_USER_PATHS = NO;
				CLANG_ANALYZER_NONNULL = YES;
				CLANG_ANALYZER_NUMBER_OBJECT_CONVERSION = YES_AGGRESSIVE;
				CLANG_CXX_LANGUAGE_STANDARD = "gnu++14";
				CLANG_CXX_LIBRARY = "libc++";
				CLANG_ENABLE_MODULES = YES;
				CLANG_ENABLE_OBJC_ARC = YES;
				CLANG_ENABLE_OBJC_WEAK = YES;
				CLANG_WARN_BLOCK_CAPTURE_AUTORELEASING = YES;
				CLANG_WARN_BOOL_CONVERSION = YES;
				CLANG_WARN_COMMA = YES;
				CLANG_WARN_CONSTANT_CONVERSION = YES;
				CLANG_WARN_DEPRECATED_OBJC_IMPLEMENTATIONS = YES;
				CLANG_WARN_DIRECT_OBJC_ISA_USAGE = YES_ERROR;
				CLANG_WARN_DOCUMENTATION_COMMENTS = YES;
				CLANG_WARN_EMPTY_BODY = YES;
				CLANG_WARN_ENUM_CONVERSION = YES;
				CLANG_WARN_INFINITE_RECURSION = YES;
				CLANG_WARN_INT_CONVERSION = YES;
				CLANG_WARN_NON_LITERAL_NULL_CONVERSION = YES;
				CLANG_WARN_OBJC_IMPLICIT_RETAIN_SELF = YES;
				CLANG_WARN_OBJC_LITERAL_CONVERSION = YES;
				CLANG_WARN_OBJC_ROOT_CLASS = YES_ERROR;
				CLANG_WARN_QUOTED_INCLUDE_IN_FRAMEWORK_HEADER = YES;
				CLANG_WARN_RANGE_LOOP_ANALYSIS = YES;
				CLANG_WARN_STRICT_PROTOTYPES = YES;
				CLANG_WARN_SUSPICIOUS_MOVE = YES;
				CLANG_WARN_UNGUARDED_AVAILABILITY = YES_AGGRESSIVE;
				CLANG_WARN_UNREACHABLE_CODE = YES;
				CLANG_WARN__DUPLICATE_METHOD_MATCH = YES;
				COPY_PHASE_STRIP = NO;
				DEBUG_INFORMATION_FORMAT = dwarf;
				ENABLE_STRICT_OBJC_MSGSEND = YES;
				ENABLE_TESTABILITY = YES;
				GCC_C_LANGUAGE_STANDARD = gnu11;
				GCC_DYNAMIC_NO_PIC = NO;
				GCC_NO_COMMON_BLOCKS = YES;
				GCC_OPTIMIZATION_LEVEL = 0;
				GCC_PREPROCESSOR_DEFINITIONS = (
					"DEBUG=1",
					"$(inherited)",
				);
				GCC_WARN_64_TO_32_BIT_CONVERSION = YES;
				GCC_WARN_ABOUT_RETURN_TYPE = YES_ERROR;
				GCC_WARN_UNDECLARED_SELECTOR = YES;
				GCC_WARN_UNINITIALIZED_AUTOS = YES_AGGRESSIVE;
				GCC_WARN_UNUSED_FUNCTION = YES;
				GCC_WARN_UNUSED_VARIABLE = YES;
				IPHONEOS_DEPLOYMENT_TARGET = 14.2;
				MTL_ENABLE_DEBUG_INFO = INCLUDE_SOURCE;
				MTL_FAST_MATH = YES;
				ONLY_ACTIVE_ARCH = YES;
				SDKROOT = iphoneos;
				SWIFT_ACTIVE_COMPILATION_CONDITIONS = DEBUG;
				SWIFT_OPTIMIZATION_LEVEL = "-Onone";
			};
			name = Debug;
		};
		863E260025D13D4A00BAB9AD /* Release */ = {
			isa = XCBuildConfiguration;
			buildSettings = {
				ALWAYS_SEARCH_USER_PATHS = NO;
				CLANG_ANALYZER_NONNULL = YES;
				CLANG_ANALYZER_NUMBER_OBJECT_CONVERSION = YES_AGGRESSIVE;
				CLANG_CXX_LANGUAGE_STANDARD = "gnu++14";
				CLANG_CXX_LIBRARY = "libc++";
				CLANG_ENABLE_MODULES = YES;
				CLANG_ENABLE_OBJC_ARC = YES;
				CLANG_ENABLE_OBJC_WEAK = YES;
				CLANG_WARN_BLOCK_CAPTURE_AUTORELEASING = YES;
				CLANG_WARN_BOOL_CONVERSION = YES;
				CLANG_WARN_COMMA = YES;
				CLANG_WARN_CONSTANT_CONVERSION = YES;
				CLANG_WARN_DEPRECATED_OBJC_IMPLEMENTATIONS = YES;
				CLANG_WARN_DIRECT_OBJC_ISA_USAGE = YES_ERROR;
				CLANG_WARN_DOCUMENTATION_COMMENTS = YES;
				CLANG_WARN_EMPTY_BODY = YES;
				CLANG_WARN_ENUM_CONVERSION = YES;
				CLANG_WARN_INFINITE_RECURSION = YES;
				CLANG_WARN_INT_CONVERSION = YES;
				CLANG_WARN_NON_LITERAL_NULL_CONVERSION = YES;
				CLANG_WARN_OBJC_IMPLICIT_RETAIN_SELF = YES;
				CLANG_WARN_OBJC_LITERAL_CONVERSION = YES;
				CLANG_WARN_OBJC_ROOT_CLASS = YES_ERROR;
				CLANG_WARN_QUOTED_INCLUDE_IN_FRAMEWORK_HEADER = YES;
				CLANG_WARN_RANGE_LOOP_ANALYSIS = YES;
				CLANG_WARN_STRICT_PROTOTYPES = YES;
				CLANG_WARN_SUSPICIOUS_MOVE = YES;
				CLANG_WARN_UNGUARDED_AVAILABILITY = YES_AGGRESSIVE;
				CLANG_WARN_UNREACHABLE_CODE = YES;
				CLANG_WARN__DUPLICATE_METHOD_MATCH = YES;
				COPY_PHASE_STRIP = NO;
				DEBUG_INFORMATION_FORMAT = "dwarf-with-dsym";
				ENABLE_NS_ASSERTIONS = NO;
				ENABLE_STRICT_OBJC_MSGSEND = YES;
				GCC_C_LANGUAGE_STANDARD = gnu11;
				GCC_NO_COMMON_BLOCKS = YES;
				GCC_WARN_64_TO_32_BIT_CONVERSION = YES;
				GCC_WARN_ABOUT_RETURN_TYPE = YES_ERROR;
				GCC_WARN_UNDECLARED_SELECTOR = YES;
				GCC_WARN_UNINITIALIZED_AUTOS = YES_AGGRESSIVE;
				GCC_WARN_UNUSED_FUNCTION = YES;
				GCC_WARN_UNUSED_VARIABLE = YES;
				IPHONEOS_DEPLOYMENT_TARGET = 14.2;
				MTL_ENABLE_DEBUG_INFO = NO;
				MTL_FAST_MATH = YES;
				SDKROOT = iphoneos;
				SWIFT_COMPILATION_MODE = wholemodule;
				SWIFT_OPTIMIZATION_LEVEL = "-O";
				VALIDATE_PRODUCT = YES;
			};
			name = Release;
		};
		863E260225D13D4A00BAB9AD /* Debug */ = {
			isa = XCBuildConfiguration;
			baseConfigurationReference = B3E29F6D577EC0A371F55754 /* Pods-Instagram.debug.xcconfig */;
			buildSettings = {
				ASSETCATALOG_COMPILER_APPICON_NAME = AppIcon;
				ASSETCATALOG_COMPILER_GLOBAL_ACCENT_COLOR_NAME = AccentColor;
				CODE_SIGN_STYLE = Automatic;
				DEVELOPMENT_TEAM = CNKXDRW937;
				INFOPLIST_FILE = Instagram/Info.plist;
				LD_RUNPATH_SEARCH_PATHS = (
					"$(inherited)",
					"@executable_path/Frameworks",
				);
				PRODUCT_BUNDLE_IDENTIFIER = jp.techacademy.yuya.yamamoto.Instagram;
				PRODUCT_NAME = "$(TARGET_NAME)";
				SWIFT_VERSION = 5.0;
				TARGETED_DEVICE_FAMILY = 1;
			};
			name = Debug;
		};
		863E260325D13D4A00BAB9AD /* Release */ = {
			isa = XCBuildConfiguration;
			baseConfigurationReference = 763C2473DE68E41C30F95C5C /* Pods-Instagram.release.xcconfig */;
			buildSettings = {
				ASSETCATALOG_COMPILER_APPICON_NAME = AppIcon;
				ASSETCATALOG_COMPILER_GLOBAL_ACCENT_COLOR_NAME = AccentColor;
				CODE_SIGN_STYLE = Automatic;
				DEVELOPMENT_TEAM = CNKXDRW937;
				INFOPLIST_FILE = Instagram/Info.plist;
				LD_RUNPATH_SEARCH_PATHS = (
					"$(inherited)",
					"@executable_path/Frameworks",
				);
				PRODUCT_BUNDLE_IDENTIFIER = jp.techacademy.yuya.yamamoto.Instagram;
				PRODUCT_NAME = "$(TARGET_NAME)";
				SWIFT_VERSION = 5.0;
				TARGETED_DEVICE_FAMILY = 1;
			};
			name = Release;
		};
/* End XCBuildConfiguration section */

/* Begin XCConfigurationList section */
		863E25E825D13D4900BAB9AD /* Build configuration list for PBXProject "Instagram" */ = {
			isa = XCConfigurationList;
			buildConfigurations = (
				863E25FF25D13D4A00BAB9AD /* Debug */,
				863E260025D13D4A00BAB9AD /* Release */,
			);
			defaultConfigurationIsVisible = 0;
			defaultConfigurationName = Release;
		};
		863E260125D13D4A00BAB9AD /* Build configuration list for PBXNativeTarget "Instagram" */ = {
			isa = XCConfigurationList;
			buildConfigurations = (
				863E260225D13D4A00BAB9AD /* Debug */,
				863E260325D13D4A00BAB9AD /* Release */,
			);
			defaultConfigurationIsVisible = 0;
			defaultConfigurationName = Release;
		};
/* End XCConfigurationList section */
	};
	rootObject = 863E25E525D13D4900BAB9AD /* Project object */;
}
